
Microsoft Visual Studio Solution File, Format Version 12.00
# Visual Studio 14
VisualStudioVersion = 14.0.24720.0
MinimumVisualStudioVersion = 10.0.40219.1
Project("{FAE04EC0-301F-11D3-BF4B-00C04F79EFBC}") = "AxadoCarrier", "AxadoCarrier\AxadoCarrier.csproj", "{CC9B28B8-BDD1-450C-9052-D51173E64662}"
EndProject
Project("{FAE04EC0-301F-11D3-BF4B-00C04F79EFBC}") = "AxadoCarrier.Domain", "AxadoCarrier.Domain\AxadoCarrier.Domain.csproj", "{3E0C7F44-1773-4C8F-A566-56966A00648F}"
EndProject
Project("{FAE04EC0-301F-11D3-BF4B-00C04F79EFBC}") = "AxadoCarrier.Data", "AxadoCarrier.Data\AxadoCarrier.Data.csproj", "{8B290BFE-413B-45A5-BEE0-544EED1C57CC}"
EndProject
Project("{FAE04EC0-301F-11D3-BF4B-00C04F79EFBC}") = "AxadoCarrier.Util", "AxadoCarrier.Util\AxadoCarrier.Util.csproj", "{E5CE1C21-4BE4-4BA0-A66C-460C8DB0D2DA}"
EndProject
Global
	GlobalSection(SolutionConfigurationPlatforms) = preSolution
		Debug|Any CPU = Debug|Any CPU
		Release|Any CPU = Release|Any CPU
	EndGlobalSection
	GlobalSection(ProjectConfigurationPlatforms) = postSolution
		{CC9B28B8-BDD1-450C-9052-D51173E64662}.Debug|Any CPU.ActiveCfg = Debug|Any CPU
		{CC9B28B8-BDD1-450C-9052-D51173E64662}.Debug|Any CPU.Build.0 = Debug|Any CPU
		{CC9B28B8-BDD1-450C-9052-D51173E64662}.Release|Any CPU.ActiveCfg = Release|Any CPU
		{CC9B28B8-BDD1-450C-9052-D51173E64662}.Release|Any CPU.Build.0 = Release|Any CPU
		{3E0C7F44-1773-4C8F-A566-56966A00648F}.Debug|Any CPU.ActiveCfg = Debug|Any CPU
		{3E0C7F44-1773-4C8F-A566-56966A00648F}.Debug|Any CPU.Build.0 = Debug|Any CPU
		{3E0C7F44-1773-4C8F-A566-56966A00648F}.Release|Any CPU.ActiveCfg = Release|Any CPU
		{3E0C7F44-1773-4C8F-A566-56966A00648F}.Release|Any CPU.Build.0 = Release|Any CPU
		{8B290BFE-413B-45A5-BEE0-544EED1C57CC}.Debug|Any CPU.ActiveCfg = Debug|Any CPU
		{8B290BFE-413B-45A5-BEE0-544EED1C57CC}.Debug|Any CPU.Build.0 = Debug|Any CPU
		{8B290BFE-413B-45A5-BEE0-544EED1C57CC}.Release|Any CPU.ActiveCfg = Release|Any CPU
		{8B290BFE-413B-45A5-BEE0-544EED1C57CC}.Release|Any CPU.Build.0 = Release|Any CPU
		{E5CE1C21-4BE4-4BA0-A66C-460C8DB0D2DA}.Debug|Any CPU.ActiveCfg = Debug|Any CPU
		{E5CE1C21-4BE4-4BA0-A66C-460C8DB0D2DA}.Debug|Any CPU.Build.0 = Debug|Any CPU
		{E5CE1C21-4BE4-4BA0-A66C-460C8DB0D2DA}.Release|Any CPU.ActiveCfg = Release|Any CPU
		{E5CE1C21-4BE4-4BA0-A66C-460C8DB0D2DA}.Release|Any CPU.Build.0 = Release|Any CPU
	EndGlobalSection
	GlobalSection(SolutionProperties) = preSolution
		HideSolutionNode = FALSE
	EndGlobalSection
EndGlobal
